
Microsoft Visual Studio Solution File, Format Version 12.00
# Visual Studio 2012
Project("{FAE04EC0-301F-11D3-BF4B-00C04F79EFBC}") = "FirstApp", "FirstApp\FirstApp.csproj", "{01D8E425-FC83-4FB6-9368-7E291E98D422}"
EndProject
Global
	GlobalSection(SolutionConfigurationPlatforms) = preSolution
		Debug|Any CPU = Debug|Any CPU
		Release|Any CPU = Release|Any CPU
	EndGlobalSection
	GlobalSection(ProjectConfigurationPlatforms) = postSolution
		{01D8E425-FC83-4FB6-9368-7E291E98D422}.Debug|Any CPU.ActiveCfg = Debug|Any CPU
		{01D8E425-FC83-4FB6-9368-7E291E98D422}.Debug|Any CPU.Build.0 = Debug|Any CPU
		{01D8E425-FC83-4FB6-9368-7E291E98D422}.Release|Any CPU.ActiveCfg = Release|Any CPU
		{01D8E425-FC83-4FB6-9368-7E291E98D422}.Release|Any CPU.Build.0 = Release|Any CPU
	EndGlobalSection
EndGlobal
